
Microsoft Visual Studio Solution File, Format Version 12.00
# Visual Studio Version 17
VisualStudioVersion = 17.3.32804.467
MinimumVisualStudioVersion = 10.0.40219.1
Project("{9A19103F-16F7-4668-BE54-9A1E7A4F7556}") = "AzureRecorder", "AzureRecorder\AzureRecorder.csproj", "{9581E104-0201-4025-8B39-63F906ED520E}"
EndProject
Project("{2150E333-8FDC-42A3-9474-1A3956D46DE8}") = "Solution Items", "Solution Items", "{EB079413-4502-459F-9219-14CFE4BEA943}"
	ProjectSection(SolutionItems) = preProject
		..\..\..\..\Desktop\runInterrupt.bat = ..\..\..\..\Desktop\runInterrupt.bat
		..\..\..\..\Desktop\terminatebats.bat = ..\..\..\..\Desktop\terminatebats.bat
	EndProjectSection
EndProject
Global
	GlobalSection(SolutionConfigurationPlatforms) = preSolution
		Debug|Any CPU = Debug|Any CPU
		Release|Any CPU = Release|Any CPU
	EndGlobalSection
	GlobalSection(ProjectConfigurationPlatforms) = postSolution
		{9581E104-0201-4025-8B39-63F906ED520E}.Debug|Any CPU.ActiveCfg = Debug|Any CPU
		{9581E104-0201-4025-8B39-63F906ED520E}.Debug|Any CPU.Build.0 = Debug|Any CPU
		{9581E104-0201-4025-8B39-63F906ED520E}.Release|Any CPU.ActiveCfg = Release|Any CPU
		{9581E104-0201-4025-8B39-63F906ED520E}.Release|Any CPU.Build.0 = Release|Any CPU
	EndGlobalSection
	GlobalSection(SolutionProperties) = preSolution
		HideSolutionNode = FALSE
	EndGlobalSection
	GlobalSection(ExtensibilityGlobals) = postSolution
		SolutionGuid = {46F2B517-8FC8-4DF4-B4BC-D57D2D9B76CA}
	EndGlobalSection
EndGlobal
