
Microsoft Visual Studio Solution File, Format Version 12.00
# Visual Studio Version 17
VisualStudioVersion = 17.3.32804.467
MinimumVisualStudioVersion = 10.0.40219.1
Project("{FAE04EC0-301F-11D3-BF4B-00C04F79EFBC}") = "AzureRecorder", "AzureRecorder\AzureRecorder.csproj", "{9581E104-0201-4025-8B39-63F906ED520E}"
EndProject
Global
	GlobalSection(SolutionConfigurationPlatforms) = preSolution
		Debug|Any CPU = Debug|Any CPU
		Release|Any CPU = Release|Any CPU
	EndGlobalSection
	GlobalSection(ProjectConfigurationPlatforms) = postSolution
		{9581E104-0201-4025-8B39-63F906ED520E}.Debug|Any CPU.ActiveCfg = Debug|Any CPU
		{9581E104-0201-4025-8B39-63F906ED520E}.Debug|Any CPU.Build.0 = Debug|Any CPU
		{9581E104-0201-4025-8B39-63F906ED520E}.Release|Any CPU.ActiveCfg = Release|Any CPU
		{9581E104-0201-4025-8B39-63F906ED520E}.Release|Any CPU.Build.0 = Release|Any CPU
	EndGlobalSection
	GlobalSection(SolutionProperties) = preSolution
		HideSolutionNode = FALSE
	EndGlobalSection
	GlobalSection(ExtensibilityGlobals) = postSolution
		SolutionGuid = {46F2B517-8FC8-4DF4-B4BC-D57D2D9B76CA}
	EndGlobalSection
EndGlobal
